{
  "requires": true,
  "lockfileVersion": 1,
  "dependencies": {
    "vue-chat-scroll": {
      "version": "1.3.5",
      "resolved": "https://registry.npmjs.org/vue-chat-scroll/-/vue-chat-scroll-1.3.5.tgz",
      "integrity": "sha512-bOBIv3AQp9D+YkhUBwVG4vBblRTeAtqQqx3Agl8fHNNm33aHMWB74U1m45Ll+JI3B0xfyWw6htJ2o5qoiFX9ZQ=="
    }
  }
}
